// !$*UTF8*$!
{
	archiveVersion = 1;
	classes = {
	};
	objectVersion = 55;
	objects = {

/* Begin PBXFileReference section */
		50BC85B3277B73FA0023DB35 /* TestEnum.swift */ = {isa = PBXFileReference; lastKnownFileType = sourcecode.swift; path = TestEnum.swift; sourceTree = "<group>"; };
		50BC85B4277B74470023DB35 /* Mems.swift */ = {isa = PBXFileReference; lastKnownFileType = sourcecode.swift; path = Mems.swift; sourceTree = "<group>"; };
/* End PBXFileReference section */

/* Begin PBXGroup section */
		50BC85AC277B73DC0023DB35 = {
			isa = PBXGroup;
			children = (
				50BC85B3277B73FA0023DB35 /* TestEnum.swift */,
				50BC85B4277B74470023DB35 /* Mems.swift */,
			);
			sourceTree = "<group>";
		};
/* End PBXGroup section */

/* Begin PBXProject section */
		50BC85AD277B73DC0023DB35 /* Project object */ = {
			isa = PBXProject;
			attributes = {
				BuildIndependentTargetsInParallel = 1;
				LastUpgradeCheck = 1310;
			};
			buildConfigurationList = 50BC85B0277B73DC0023DB35 /* Build configuration list for PBXProject "汇编基础" */;
			compatibilityVersion = "Xcode 13.0";
			developmentRegion = en;
			hasScannedForEncodings = 0;
			knownRegions = (
				en,
				Base,
			);
			mainGroup = 50BC85AC277B73DC0023DB35;
			projectDirPath = "";
			projectRoot = "";
			targets = (
			);
		};
/* End PBXProject section */

/* Begin XCBuildConfiguration section */
		50BC85B1277B73DC0023DB35 /* Debug */ = {
			isa = XCBuildConfiguration;
			buildSettings = {
			};
			name = Debug;
		};
		50BC85B2277B73DC0023DB35 /* Release */ = {
			isa = XCBuildConfiguration;
			buildSettings = {
			};
			name = Release;
		};
/* End XCBuildConfiguration section */

/* Begin XCConfigurationList section */
		50BC85B0277B73DC0023DB35 /* Build configuration list for PBXProject "汇编基础" */ = {
			isa = XCConfigurationList;
			buildConfigurations = (
				50BC85B1277B73DC0023DB35 /* Debug */,
				50BC85B2277B73DC0023DB35 /* Release */,
			);
			defaultConfigurationIsVisible = 0;
			defaultConfigurationName = Release;
		};
/* End XCConfigurationList section */
	};
	rootObject = 50BC85AD277B73DC0023DB35 /* Project object */;
}
